
Microsoft Visual Studio Solution File, Format Version 12.00
# Visual Studio Version 17
VisualStudioVersion = 17.11.35222.181
MinimumVisualStudioVersion = 10.0.40219.1
Project("{9A19103F-16F7-4668-BE54-9A1E7A4F7556}") = "DeliverySystem", "DeliverySystem\DeliverySystem.csproj", "{CEFB8E3F-0AF4-428D-94C1-8E69EB850D7A}"
EndProject
Project("{9A19103F-16F7-4668-BE54-9A1E7A4F7556}") = "DeliverySystem.Tests", "..\CodeOfPracticePD2025-Sem3-UnitTests3\DeliverySystem.Tests\DeliverySystem.Tests.csproj", "{BA785E43-2AA1-447B-8E8D-1D0F5FA63D65}"
EndProject
Global
	GlobalSection(SolutionConfigurationPlatforms) = preSolution
		Debug|Any CPU = Debug|Any CPU
		Release|Any CPU = Release|Any CPU
	EndGlobalSection
	GlobalSection(ProjectConfigurationPlatforms) = postSolution
		{CEFB8E3F-0AF4-428D-94C1-8E69EB850D7A}.Debug|Any CPU.ActiveCfg = Debug|Any CPU
		{CEFB8E3F-0AF4-428D-94C1-8E69EB850D7A}.Debug|Any CPU.Build.0 = Debug|Any CPU
		{CEFB8E3F-0AF4-428D-94C1-8E69EB850D7A}.Release|Any CPU.ActiveCfg = Release|Any CPU
		{CEFB8E3F-0AF4-428D-94C1-8E69EB850D7A}.Release|Any CPU.Build.0 = Release|Any CPU
		{BA785E43-2AA1-447B-8E8D-1D0F5FA63D65}.Debug|Any CPU.ActiveCfg = Debug|Any CPU
		{BA785E43-2AA1-447B-8E8D-1D0F5FA63D65}.Debug|Any CPU.Build.0 = Debug|Any CPU
		{BA785E43-2AA1-447B-8E8D-1D0F5FA63D65}.Release|Any CPU.ActiveCfg = Release|Any CPU
		{BA785E43-2AA1-447B-8E8D-1D0F5FA63D65}.Release|Any CPU.Build.0 = Release|Any CPU
	EndGlobalSection
	GlobalSection(SolutionProperties) = preSolution
		HideSolutionNode = FALSE
	EndGlobalSection
	GlobalSection(ExtensibilityGlobals) = postSolution
		SolutionGuid = {CF0A195F-AF75-4062-A94D-FBBB56BBCFF0}
	EndGlobalSection
EndGlobal
