
Microsoft Visual Studio Solution File, Format Version 12.00
# Visual Studio Version 17
VisualStudioVersion = 17.11.35222.181
MinimumVisualStudioVersion = 10.0.40219.1
Project("{FAE04EC0-301F-11D3-BF4B-00C04F79EFBC}") = "SmartHomeSystem", "SmartHomeSystem\SmartHomeSystem.csproj", "{04214EF5-A73F-4968-A392-72B71382F63B}"
EndProject
Project("{9A19103F-16F7-4668-BE54-9A1E7A4F7556}") = "SmartHomeSystem.Tests", "..\SmartHomeSystem.Tests\SmartHomeSystem.Tests.csproj", "{A7370D71-A247-49D6-A0A5-7261D0DB1453}"
EndProject
Global
	GlobalSection(SolutionConfigurationPlatforms) = preSolution
		Debug|Any CPU = Debug|Any CPU
		Release|Any CPU = Release|Any CPU
	EndGlobalSection
	GlobalSection(ProjectConfigurationPlatforms) = postSolution
		{04214EF5-A73F-4968-A392-72B71382F63B}.Debug|Any CPU.ActiveCfg = Debug|Any CPU
		{04214EF5-A73F-4968-A392-72B71382F63B}.Debug|Any CPU.Build.0 = Debug|Any CPU
		{04214EF5-A73F-4968-A392-72B71382F63B}.Release|Any CPU.ActiveCfg = Release|Any CPU
		{04214EF5-A73F-4968-A392-72B71382F63B}.Release|Any CPU.Build.0 = Release|Any CPU
		{A7370D71-A247-49D6-A0A5-7261D0DB1453}.Debug|Any CPU.ActiveCfg = Debug|Any CPU
		{A7370D71-A247-49D6-A0A5-7261D0DB1453}.Debug|Any CPU.Build.0 = Debug|Any CPU
		{A7370D71-A247-49D6-A0A5-7261D0DB1453}.Release|Any CPU.ActiveCfg = Release|Any CPU
		{A7370D71-A247-49D6-A0A5-7261D0DB1453}.Release|Any CPU.Build.0 = Release|Any CPU
	EndGlobalSection
	GlobalSection(SolutionProperties) = preSolution
		HideSolutionNode = FALSE
	EndGlobalSection
	GlobalSection(ExtensibilityGlobals) = postSolution
		SolutionGuid = {BEF93F59-AA51-4798-8B23-084B9DC42ED5}
	EndGlobalSection
EndGlobal
